
Microsoft Visual Studio Solution File, Format Version 12.00
# Visual Studio 15
VisualStudioVersion = 15.0.28010.2026
MinimumVisualStudioVersion = 10.0.40219.1
Project("{FAE04EC0-301F-11D3-BF4B-00C04F79EFBC}") = "Sistema de viajes", "Sistema de viajes\Sistema de viajes.csproj", "{DDEF9E7B-3BE1-404D-BA1C-4CEA97C706C6}"
EndProject
Project("{FAE04EC0-301F-11D3-BF4B-00C04F79EFBC}") = "Peralta100430840_libX", "Peralta100430840_lib1\Peralta100430840_libX.csproj", "{BBA1BF87-B299-434C-A510-53F79560869B}"
EndProject
Project("{FAE04EC0-301F-11D3-BF4B-00C04F79EFBC}") = "Peralta100430840_WinX", "Sistema de Viajes WF\Peralta100430840_WinX.csproj", "{B141DEC3-C0F7-4891-8D88-1F1EB0A84EBF}"
EndProject
Project("{FAE04EC0-301F-11D3-BF4B-00C04F79EFBC}") = "Peralta100430840_TiendaX", "Peralta100430840_TiendaX\Peralta100430840_TiendaX.csproj", "{2CC1A6C8-A0DA-4EE1-9190-67B7E50A8E12}"
EndProject
Global
	GlobalSection(SolutionConfigurationPlatforms) = preSolution
		Debug|Any CPU = Debug|Any CPU
		Release|Any CPU = Release|Any CPU
	EndGlobalSection
	GlobalSection(ProjectConfigurationPlatforms) = postSolution
		{DDEF9E7B-3BE1-404D-BA1C-4CEA97C706C6}.Debug|Any CPU.ActiveCfg = Debug|Any CPU
		{DDEF9E7B-3BE1-404D-BA1C-4CEA97C706C6}.Debug|Any CPU.Build.0 = Debug|Any CPU
		{DDEF9E7B-3BE1-404D-BA1C-4CEA97C706C6}.Release|Any CPU.ActiveCfg = Release|Any CPU
		{DDEF9E7B-3BE1-404D-BA1C-4CEA97C706C6}.Release|Any CPU.Build.0 = Release|Any CPU
		{BBA1BF87-B299-434C-A510-53F79560869B}.Debug|Any CPU.ActiveCfg = Debug|Any CPU
		{BBA1BF87-B299-434C-A510-53F79560869B}.Debug|Any CPU.Build.0 = Debug|Any CPU
		{BBA1BF87-B299-434C-A510-53F79560869B}.Release|Any CPU.ActiveCfg = Release|Any CPU
		{BBA1BF87-B299-434C-A510-53F79560869B}.Release|Any CPU.Build.0 = Release|Any CPU
		{B141DEC3-C0F7-4891-8D88-1F1EB0A84EBF}.Debug|Any CPU.ActiveCfg = Debug|Any CPU
		{B141DEC3-C0F7-4891-8D88-1F1EB0A84EBF}.Debug|Any CPU.Build.0 = Debug|Any CPU
		{B141DEC3-C0F7-4891-8D88-1F1EB0A84EBF}.Release|Any CPU.ActiveCfg = Release|Any CPU
		{B141DEC3-C0F7-4891-8D88-1F1EB0A84EBF}.Release|Any CPU.Build.0 = Release|Any CPU
		{2CC1A6C8-A0DA-4EE1-9190-67B7E50A8E12}.Debug|Any CPU.ActiveCfg = Debug|Any CPU
		{2CC1A6C8-A0DA-4EE1-9190-67B7E50A8E12}.Debug|Any CPU.Build.0 = Debug|Any CPU
		{2CC1A6C8-A0DA-4EE1-9190-67B7E50A8E12}.Release|Any CPU.ActiveCfg = Release|Any CPU
		{2CC1A6C8-A0DA-4EE1-9190-67B7E50A8E12}.Release|Any CPU.Build.0 = Release|Any CPU
	EndGlobalSection
	GlobalSection(SolutionProperties) = preSolution
		HideSolutionNode = FALSE
	EndGlobalSection
	GlobalSection(ExtensibilityGlobals) = postSolution
		SolutionGuid = {415E0464-14DA-4D95-B84B-537CFB274BFE}
	EndGlobalSection
EndGlobal
